
Microsoft Visual Studio Solution File, Format Version 12.00
# Visual Studio 14
VisualStudioVersion = 14.0.25420.1
MinimumVisualStudioVersion = 10.0.40219.1
Project("{FAE04EC0-301F-11D3-BF4B-00C04F79EFBC}") = "CorporatePoolBot", "CorporatePoolBot\CorporatePoolBot.csproj", "{69573DE4-02E0-4958-8B3F-1AE47ADD4D44}"
EndProject
Project("{FAE04EC0-301F-11D3-BF4B-00C04F79EFBC}") = "Bot.Models", "Bot.Models\Bot.Models.csproj", "{11E1325C-C459-45C9-A5BF-BABD9D7FE201}"
EndProject
Project("{FAE04EC0-301F-11D3-BF4B-00C04F79EFBC}") = "Bot.Data", "Bot.Data\Bot.Data.csproj", "{BA7192EA-7899-412D-A408-D005CA0CB899}"
EndProject
Project("{FAE04EC0-301F-11D3-BF4B-00C04F79EFBC}") = "Bot.Worker", "Bot.Worker\Bot.Worker.csproj", "{B1E431A0-4960-4E9F-8575-94915738A1BA}"
EndProject
Project("{FAE04EC0-301F-11D3-BF4B-00C04F79EFBC}") = "EngineTestTool", "EngineTestTool\EngineTestTool.csproj", "{1C69E92C-5D81-4451-80FB-A3C49B44612B}"
EndProject
Project("{FAE04EC0-301F-11D3-BF4B-00C04F79EFBC}") = "Bot.External", "Bot.External\Bot.External.csproj", "{5811A0BF-D14B-4EE5-881A-06D71B5332D8}"
EndProject
Project("{2150E333-8FDC-42A3-9474-1A3956D46DE8}") = "Solution Items", "Solution Items", "{C5DE0D2D-6BD6-45C9-8BC1-4BC21CA7576A}"
	ProjectSection(SolutionItems) = preProject
		.gitignore = .gitignore
	EndProjectSection
EndProject
Project("{2150E333-8FDC-42A3-9474-1A3956D46DE8}") = "Tests", "Tests", "{D1977B46-16D5-432C-98CF-1EDDAC7AA3F0}"
EndProject
Project("{2150E333-8FDC-42A3-9474-1A3956D46DE8}") = "Bus", "Bus", "{A790F950-4A03-4CE4-9F11-E5B5FBE1868D}"
EndProject
Project("{FAE04EC0-301F-11D3-BF4B-00C04F79EFBC}") = "Bot.MessagingFramework", "Bot.MessageBus\Bot.MessagingFramework.csproj", "{C90F4EC5-E6C8-4980-BD4C-285AE6DE8D50}"
EndProject
Project("{FAE04EC0-301F-11D3-BF4B-00C04F79EFBC}") = "MessagingBusUnitTests", "MessagingBusUnitTests\MessagingBusUnitTests.csproj", "{1CEF083F-8E45-4268-8CE0-96A903325B3A}"
EndProject
Project("{FAE04EC0-301F-11D3-BF4B-00C04F79EFBC}") = "SystemTests", "SystemTests\SystemTests.csproj", "{45A23F6C-0287-4736-9FA0-3F13CF63423B}"
EndProject
Project("{FAE04EC0-301F-11D3-BF4B-00C04F79EFBC}") = "Bot.Retry", "Bot.Retry\Bot.Retry.csproj", "{98DFC9B6-861F-44D5-B1FF-EE938757763E}"
EndProject
Project("{FAE04EC0-301F-11D3-BF4B-00C04F79EFBC}") = "Bot.Logger", "Bot.Logger\Bot.Logger.csproj", "{C892213A-CF3D-4613-BDED-2E0CADD7A1A9}"
EndProject
Project("{FAE04EC0-301F-11D3-BF4B-00C04F79EFBC}") = "Bot.Extensions", "Bot.Extensions\Bot.Extensions.csproj", "{F40CAAB0-9F3A-4BCA-BB0A-B60E68E721CE}"
EndProject
Global
	GlobalSection(SolutionConfigurationPlatforms) = preSolution
		Debug|Any CPU = Debug|Any CPU
		Release|Any CPU = Release|Any CPU
	EndGlobalSection
	GlobalSection(ProjectConfigurationPlatforms) = postSolution
		{69573DE4-02E0-4958-8B3F-1AE47ADD4D44}.Debug|Any CPU.ActiveCfg = Debug|Any CPU
		{69573DE4-02E0-4958-8B3F-1AE47ADD4D44}.Debug|Any CPU.Build.0 = Debug|Any CPU
		{69573DE4-02E0-4958-8B3F-1AE47ADD4D44}.Release|Any CPU.ActiveCfg = Release|Any CPU
		{69573DE4-02E0-4958-8B3F-1AE47ADD4D44}.Release|Any CPU.Build.0 = Release|Any CPU
		{11E1325C-C459-45C9-A5BF-BABD9D7FE201}.Debug|Any CPU.ActiveCfg = Debug|Any CPU
		{11E1325C-C459-45C9-A5BF-BABD9D7FE201}.Debug|Any CPU.Build.0 = Debug|Any CPU
		{11E1325C-C459-45C9-A5BF-BABD9D7FE201}.Release|Any CPU.ActiveCfg = Release|Any CPU
		{11E1325C-C459-45C9-A5BF-BABD9D7FE201}.Release|Any CPU.Build.0 = Release|Any CPU
		{BA7192EA-7899-412D-A408-D005CA0CB899}.Debug|Any CPU.ActiveCfg = Debug|Any CPU
		{BA7192EA-7899-412D-A408-D005CA0CB899}.Debug|Any CPU.Build.0 = Debug|Any CPU
		{BA7192EA-7899-412D-A408-D005CA0CB899}.Release|Any CPU.ActiveCfg = Release|Any CPU
		{BA7192EA-7899-412D-A408-D005CA0CB899}.Release|Any CPU.Build.0 = Release|Any CPU
		{B1E431A0-4960-4E9F-8575-94915738A1BA}.Debug|Any CPU.ActiveCfg = Debug|Any CPU
		{B1E431A0-4960-4E9F-8575-94915738A1BA}.Debug|Any CPU.Build.0 = Debug|Any CPU
		{B1E431A0-4960-4E9F-8575-94915738A1BA}.Release|Any CPU.ActiveCfg = Release|Any CPU
		{B1E431A0-4960-4E9F-8575-94915738A1BA}.Release|Any CPU.Build.0 = Release|Any CPU
		{1C69E92C-5D81-4451-80FB-A3C49B44612B}.Debug|Any CPU.ActiveCfg = Debug|Any CPU
		{1C69E92C-5D81-4451-80FB-A3C49B44612B}.Debug|Any CPU.Build.0 = Debug|Any CPU
		{1C69E92C-5D81-4451-80FB-A3C49B44612B}.Release|Any CPU.ActiveCfg = Release|Any CPU
		{1C69E92C-5D81-4451-80FB-A3C49B44612B}.Release|Any CPU.Build.0 = Release|Any CPU
		{5811A0BF-D14B-4EE5-881A-06D71B5332D8}.Debug|Any CPU.ActiveCfg = Debug|Any CPU
		{5811A0BF-D14B-4EE5-881A-06D71B5332D8}.Debug|Any CPU.Build.0 = Debug|Any CPU
		{5811A0BF-D14B-4EE5-881A-06D71B5332D8}.Release|Any CPU.ActiveCfg = Release|Any CPU
		{5811A0BF-D14B-4EE5-881A-06D71B5332D8}.Release|Any CPU.Build.0 = Release|Any CPU
		{C90F4EC5-E6C8-4980-BD4C-285AE6DE8D50}.Debug|Any CPU.ActiveCfg = Debug|Any CPU
		{C90F4EC5-E6C8-4980-BD4C-285AE6DE8D50}.Debug|Any CPU.Build.0 = Debug|Any CPU
		{C90F4EC5-E6C8-4980-BD4C-285AE6DE8D50}.Release|Any CPU.ActiveCfg = Release|Any CPU
		{C90F4EC5-E6C8-4980-BD4C-285AE6DE8D50}.Release|Any CPU.Build.0 = Release|Any CPU
		{1CEF083F-8E45-4268-8CE0-96A903325B3A}.Debug|Any CPU.ActiveCfg = Debug|Any CPU
		{1CEF083F-8E45-4268-8CE0-96A903325B3A}.Debug|Any CPU.Build.0 = Debug|Any CPU
		{1CEF083F-8E45-4268-8CE0-96A903325B3A}.Release|Any CPU.ActiveCfg = Release|Any CPU
		{1CEF083F-8E45-4268-8CE0-96A903325B3A}.Release|Any CPU.Build.0 = Release|Any CPU
		{45A23F6C-0287-4736-9FA0-3F13CF63423B}.Debug|Any CPU.ActiveCfg = Debug|Any CPU
		{45A23F6C-0287-4736-9FA0-3F13CF63423B}.Debug|Any CPU.Build.0 = Debug|Any CPU
		{45A23F6C-0287-4736-9FA0-3F13CF63423B}.Release|Any CPU.ActiveCfg = Release|Any CPU
		{45A23F6C-0287-4736-9FA0-3F13CF63423B}.Release|Any CPU.Build.0 = Release|Any CPU
		{98DFC9B6-861F-44D5-B1FF-EE938757763E}.Debug|Any CPU.ActiveCfg = Debug|Any CPU
		{98DFC9B6-861F-44D5-B1FF-EE938757763E}.Debug|Any CPU.Build.0 = Debug|Any CPU
		{98DFC9B6-861F-44D5-B1FF-EE938757763E}.Release|Any CPU.ActiveCfg = Release|Any CPU
		{98DFC9B6-861F-44D5-B1FF-EE938757763E}.Release|Any CPU.Build.0 = Release|Any CPU
		{C892213A-CF3D-4613-BDED-2E0CADD7A1A9}.Debug|Any CPU.ActiveCfg = Debug|Any CPU
		{C892213A-CF3D-4613-BDED-2E0CADD7A1A9}.Debug|Any CPU.Build.0 = Debug|Any CPU
		{C892213A-CF3D-4613-BDED-2E0CADD7A1A9}.Release|Any CPU.ActiveCfg = Release|Any CPU
		{C892213A-CF3D-4613-BDED-2E0CADD7A1A9}.Release|Any CPU.Build.0 = Release|Any CPU
		{F40CAAB0-9F3A-4BCA-BB0A-B60E68E721CE}.Debug|Any CPU.ActiveCfg = Debug|Any CPU
		{F40CAAB0-9F3A-4BCA-BB0A-B60E68E721CE}.Debug|Any CPU.Build.0 = Debug|Any CPU
		{F40CAAB0-9F3A-4BCA-BB0A-B60E68E721CE}.Release|Any CPU.ActiveCfg = Release|Any CPU
		{F40CAAB0-9F3A-4BCA-BB0A-B60E68E721CE}.Release|Any CPU.Build.0 = Release|Any CPU
	EndGlobalSection
	GlobalSection(SolutionProperties) = preSolution
		HideSolutionNode = FALSE
	EndGlobalSection
	GlobalSection(NestedProjects) = preSolution
		{1C69E92C-5D81-4451-80FB-A3C49B44612B} = {D1977B46-16D5-432C-98CF-1EDDAC7AA3F0}
		{C90F4EC5-E6C8-4980-BD4C-285AE6DE8D50} = {A790F950-4A03-4CE4-9F11-E5B5FBE1868D}
		{1CEF083F-8E45-4268-8CE0-96A903325B3A} = {A790F950-4A03-4CE4-9F11-E5B5FBE1868D}
		{45A23F6C-0287-4736-9FA0-3F13CF63423B} = {D1977B46-16D5-432C-98CF-1EDDAC7AA3F0}
	EndGlobalSection
EndGlobal
